// !$*UTF8*$!
{
	archiveVersion = 1;
	classes = {
	};
	objectVersion = 77;
	objects = {

/* Begin PBXBuildFile section */
		A1C0AC000000000000000002 /* AIWorkoutCoach.swift in Sources */ = {isa = PBXBuildFile; fileRef = A1C0AC000000000000000001; };
		BB09594A00000000000000F0 /* PostSetPhaseTests.swift in Sources */ = {isa = PBXBuildFile; fileRef = AA09594A00000000000000F0; };
		BB09594A0000000000000001 /* PostSetPhaseService.swift in Sources */ = {isa = PBXBuildFile; fileRef = AA09594A0000000000000001; };
		BB09594A0000000000000000 /* PostSetPhaseAnalysis.swift in Sources */ = {isa = PBXBuildFile; fileRef = AA09594A0000000000000000; };
		047FE9A5D31328741887F04C /* ExperimentalV1TestSupport.swift in Sources */ = {isa = PBXBuildFile; fileRef = F40C749940C625DA78416EA9 /* ExperimentalV1TestSupport.swift */; };
		04B027484B8EBCE4521D4CC8 /* ProcessedCSVExportTests.swift in Sources */ = {isa = PBXBuildFile; fileRef = 161BAFCB5EE4778AE36CAA31 /* ProcessedCSVExportTests.swift */; };
		052015A891B264170DD45267 /* ExperimentalDetectorTests.swift in Sources */ = {isa = PBXBuildFile; fileRef = 53A7103A613BB4CF247C19C6 /* ExperimentalDetectorTests.swift */; };
		0F92C012C994406E7E3A9A71 /* V2TemplateMatching.swift in Sources */ = {isa = PBXBuildFile; fileRef = AE84E9B425FBB4F7489CBD6E /* V2TemplateMatching.swift */; };
		20BCC97EF623D7EA02429A13 /* MotionPreprocessingEngine.swift in Sources */ = {isa = PBXBuildFile; fileRef = 54B4317634785E864F24FD91 /* MotionPreprocessingEngine.swift */; };
		2AA84C8135B54CF4F58435B5 /* LiftPodApp.swift in Sources */ = {isa = PBXBuildFile; fileRef = 4BFEBEA6E650D9651D43EDAA /* LiftPodApp.swift */; };
		2C3B99EA409B2ED31397EDB2 /* ScalarBiquadFilter.swift in Sources */ = {isa = PBXBuildFile; fileRef = 8783CF3FA605A6F98755E840 /* ScalarBiquadFilter.swift */; };
		3231B86CC4252986BD1F5DDA /* CSVRecorder.swift in Sources */ = {isa = PBXBuildFile; fileRef = DEDCB5421249F1FFA9D77394 /* CSVRecorder.swift */; };
		33BB8F756F15878BD967891A /* LateralRaiseIntegrationTests.swift in Sources */ = {isa = PBXBuildFile; fileRef = C0E36ED107D11A93DC6915F9 /* LateralRaiseIntegrationTests.swift */; };
		33DF6EC79DA967B147D5B210 /* ExperimentalV1Types.swift in Sources */ = {isa = PBXBuildFile; fileRef = F68216B86684B13C61D58463 /* ExperimentalV1Types.swift */; };
		3C48A333F8E4C3CEA7EE2599 /* GenericPhysicalPhases.swift in Sources */ = {isa = PBXBuildFile; fileRef = 19E028AF736593B8DF138EA6 /* GenericPhysicalPhases.swift */; };
		3C5EDE5E7CA30AA35CFFDAF0 /* ProviderAbstractionTests.swift in Sources */ = {isa = PBXBuildFile; fileRef = DE7E0AB11A54DA75742AE29B /* ProviderAbstractionTests.swift */; };
		3CE6CE2F50FD27BE4A8FF603 /* PassiveRepMetricsTests.swift in Sources */ = {isa = PBXBuildFile; fileRef = CB77526FEBE7B2AAEF2E7F69 /* PassiveRepMetricsTests.swift */; };
		3E8B4D34AFCB6BA41BDABB1C /* ExperimentalV2SignalLabView.swift in Sources */ = {isa = PBXBuildFile; fileRef = 417C55771C0BE91957337BE8 /* ExperimentalV2SignalLabView.swift */; };
		418C351AF8DD34F119F41B8E /* CaptureModel.swift in Sources */ = {isa = PBXBuildFile; fileRef = 47DCA6D7C094A391C7BFB996 /* CaptureModel.swift */; };
		431E6CC1731E16E47B91DE16 /* V6CurlDetector.swift in Sources */ = {isa = PBXBuildFile; fileRef = BAE4635129F455B4B7D0648B /* V6CurlDetector.swift */; };
		4EB72A70A930AD792A5E31F6 /* ExperimentalOrchestrationTests.swift in Sources */ = {isa = PBXBuildFile; fileRef = C7FFC69E799ED27235012346 /* ExperimentalOrchestrationTests.swift */; };
		57E28F1CD10CD5904EDA402B /* StreamRecoveryTests.swift in Sources */ = {isa = PBXBuildFile; fileRef = 9076629AAA11CD946833FB3D /* StreamRecoveryTests.swift */; };
		5CF9B3EE2C1257A6AA56F66C /* LateralRaiseProfile.swift in Sources */ = {isa = PBXBuildFile; fileRef = 8B05988DF501ED7FD0ABB394 /* LateralRaiseProfile.swift */; };
		5DA8272A9E06C67708006BC4 /* ExperimentalV2TestSupport.swift in Sources */ = {isa = PBXBuildFile; fileRef = 6C3D1BBAD261E3FECA0BE395 /* ExperimentalV2TestSupport.swift */; };
		5F5FBFFCD59BB9A1D9E60C3F /* GenericRepTests.swift in Sources */ = {isa = PBXBuildFile; fileRef = 5D243E8878DE3DE8DD63558D /* GenericRepTests.swift */; };
		690797E0BFFEE6812ACE99A0 /* V7DetectorContinuityTests.swift in Sources */ = {isa = PBXBuildFile; fileRef = 72D32695704C8F1CD6500B04 /* V7DetectorContinuityTests.swift */; };
		69AE063BE9CAD983BD26C4D3 /* latest-continuous-eight-curl.json in Resources */ = {isa = PBXBuildFile; fileRef = 837B9AC9577020031B2DA516 /* latest-continuous-eight-curl.json */; };
		6A104A9325D2E71A5AE3C3D6 /* DevicePathMetricsTests.swift in Sources */ = {isa = PBXBuildFile; fileRef = EBBFEB922BB005FF194C54DB /* DevicePathMetricsTests.swift */; };
		6A9F173D1CFC0EAB27342FBD /* V2LifecycleRecordingEvaluationTests.swift in Sources */ = {isa = PBXBuildFile; fileRef = F8DFDCCB184ECE7FB99ED7C9 /* V2LifecycleRecordingEvaluationTests.swift */; };
		6CA5FB579CA2D9ED29C2937F /* V2ReferenceAndCycleTests.swift in Sources */ = {isa = PBXBuildFile; fileRef = 7DC16000960721945EC21252 /* V2ReferenceAndCycleTests.swift */; };
		6D2B7203B34B43A64A629C0D /* V2OfflineEvaluation.swift in Sources */ = {isa = PBXBuildFile; fileRef = BED7A9B1A15874948351FC2F /* V2OfflineEvaluation.swift */; };
		7168BA8DA7B987542E7C17C1 /* V6ReferenceAcquirer.swift in Sources */ = {isa = PBXBuildFile; fileRef = 0D9AAFE65E0FEE02A5C54D42 /* V6ReferenceAcquirer.swift */; };
		7561F7899CCACC2533844380 /* ExperimentalV2Model.swift in Sources */ = {isa = PBXBuildFile; fileRef = 561DF79EA2AD191D1FA6F0FA /* ExperimentalV2Model.swift */; };
		762CDDE174C330F8F54A00C3 /* V6QualifiedCycleSegmenter.swift in Sources */ = {isa = PBXBuildFile; fileRef = 349164FEC9387877DB3D9AF1 /* V6QualifiedCycleSegmenter.swift */; };
		7A622BC698286C98C0F6BDBA /* ContinuousRepMetricsTests.swift in Sources */ = {isa = PBXBuildFile; fileRef = 4EB0ED997FD61B8E6C95DF11 /* ContinuousRepMetricsTests.swift */; };
		7A84C4800357E5700F0A71CC /* PreprocessingTypes.swift in Sources */ = {isa = PBXBuildFile; fileRef = 56AEACB610D0F6F2F938BD27 /* PreprocessingTypes.swift */; };
		8078A95C66DBB5C5C7AF43A2 /* GenericRepTypes.swift in Sources */ = {isa = PBXBuildFile; fileRef = 048EDBE53B77DC7E613C0F56 /* GenericRepTypes.swift */; };
		839836FD8E9020B2457E0FD3 /* TestSupport.swift in Sources */ = {isa = PBXBuildFile; fileRef = 2395946AD1208AE9DB2E66C2 /* TestSupport.swift */; };
		884A279229878F31683C2205 /* MotionResampler.swift in Sources */ = {isa = PBXBuildFile; fileRef = FA184BBA9E06B9843D2AB35F /* MotionResampler.swift */; };
		8F22C938B263F29998F08D0C /* V6SignalProcessingTests.swift in Sources */ = {isa = PBXBuildFile; fileRef = 8E269E06A732B0FB6DC9E8E0 /* V6SignalProcessingTests.swift */; };
		90C04079248C2A2CC13ED79D /* ExperimentalV1Model.swift in Sources */ = {isa = PBXBuildFile; fileRef = 0C4E6E6DFCBC76DD571C4FA5 /* ExperimentalV1Model.swift */; };
		9712FE571D70AC3EEE0C8DB2 /* CaptureModelTests.swift in Sources */ = {isa = PBXBuildFile; fileRef = 5CEBB831C265D1D414EAEA07 /* CaptureModelTests.swift */; };
		9DA48DE40ADF52BCDDD23DA2 /* CalibrationTests.swift in Sources */ = {isa = PBXBuildFile; fileRef = 424BC3F60A64D037BC04C242 /* CalibrationTests.swift */; };
		A080D3958E3FF470640CB1F6 /* V2Calibration.swift in Sources */ = {isa = PBXBuildFile; fileRef = 753DD40F47BFEA890D8018B9 /* V2Calibration.swift */; };
		A617785741414945BF631D31 /* GenericRepEvaluation.swift in Sources */ = {isa = PBXBuildFile; fileRef = 7DA1032ADBDDBFC62D2C26C9 /* GenericRepEvaluation.swift */; };
		A8C040F50B6209A198A8636A /* SignalQualityTracker.swift in Sources */ = {isa = PBXBuildFile; fileRef = 6B59C57E79313BD9F3F66160 /* SignalQualityTracker.swift */; };
		A997986C6BA10EAA83D0B2AC /* VerticalProjectionTests.swift in Sources */ = {isa = PBXBuildFile; fileRef = FF3A64A49111B5ADBDF482E2 /* VerticalProjectionTests.swift */; };
		AA879914F8A393D3E1CC31FB /* V2TemplateCalibrationTests.swift in Sources */ = {isa = PBXBuildFile; fileRef = 6812C8D2AA9EE3B86BC6AA86 /* V2TemplateCalibrationTests.swift */; };
		AF896C7F8AFD6A8535D0B14C /* ExperimentalV2Types.swift in Sources */ = {isa = PBXBuildFile; fileRef = 1874D4E66A5BC98AD33BDC90 /* ExperimentalV2Types.swift */; };
		B12708DF5D887F0A33D22C4F /* GenericCycleDetector.swift in Sources */ = {isa = PBXBuildFile; fileRef = B30DE1947BD8BCD6335DFBA3 /* GenericCycleDetector.swift */; };
		B818DA6B7672972239389C61 /* V2ReferenceAcquisition.swift in Sources */ = {isa = PBXBuildFile; fileRef = 8725E4B356538D999FB00037 /* V2ReferenceAcquisition.swift */; };
		BF150C7035F6793724CD3AA5 /* RawMotionCSVDecoder.swift in Sources */ = {isa = PBXBuildFile; fileRef = 0197CF8015FF8D4D19436C18 /* RawMotionCSVDecoder.swift */; };
		C01F63774FB52E498A9CAE90 /* RawMotionSample.swift in Sources */ = {isa = PBXBuildFile; fileRef = 06624E3934144C0B8783D326 /* RawMotionSample.swift */; };
		C0E9503A812356F24E174906 /* ContinuousRecordingTests.swift in Sources */ = {isa = PBXBuildFile; fileRef = 073999BEA8683FDA52EFF2E0 /* ContinuousRecordingTests.swift */; };
		C8DCD7FC2561E684DF93289E /* V2TemplateCycleDetector.swift in Sources */ = {isa = PBXBuildFile; fileRef = 6083E15C8A56996CD2684D57 /* V2TemplateCycleDetector.swift */; };
		CEBC0A13F672D4FBC0D0BB54 /* ExperimentalReplay.swift in Sources */ = {isa = PBXBuildFile; fileRef = 4480811CEDEED3FA5B146C8A /* ExperimentalReplay.swift */; };
		CEEE91962C17CF4502F1E94C /* GenericRepSession.swift in Sources */ = {isa = PBXBuildFile; fileRef = D59E87EB0E5153506D456864 /* GenericRepSession.swift */; };
		D13E97A063A0CC4A7FDA60AB /* OfflinePreprocessingModel.swift in Sources */ = {isa = PBXBuildFile; fileRef = 9D0AC12615399DC46348172A /* OfflinePreprocessingModel.swift */; };
		D2DF4E27C41B6505E222A9EB /* V2LocalCycleDetector.swift in Sources */ = {isa = PBXBuildFile; fileRef = AE36268F157EA109BA0BB699 /* V2LocalCycleDetector.swift */; };
		D345C2E771771F2C202E0C06 /* CSVRecorderTests.swift in Sources */ = {isa = PBXBuildFile; fileRef = 2F13DC5B8F2C5B2C6ED2A0F0 /* CSVRecorderTests.swift */; };
		D820BD1EDEAE4BBE95B3AC4F /* RawMotionCSVDecoderTests.swift in Sources */ = {isa = PBXBuildFile; fileRef = 9E1A30F418D0A3219A77BF01 /* RawMotionCSVDecoderTests.swift */; };
		D8A979E4DEECA5724E3C2CA8 /* V2StreamingResampler.swift in Sources */ = {isa = PBXBuildFile; fileRef = 06C51425EFD3A9F7E7603423 /* V2StreamingResampler.swift */; };
		D974DFE006D55E227624AD4C /* V2SetEngine.swift in Sources */ = {isa = PBXBuildFile; fileRef = 252B49E421AB60756C0F266B /* V2SetEngine.swift */; };
		D989C3D243184192D1F0AE50 /* MotionProviding.swift in Sources */ = {isa = PBXBuildFile; fileRef = 42FEDFD5EAC1E25D52F8D6FB /* MotionProviding.swift */; };
		DBC0FE186ABBD2D8B411DC5A /* PreprocessingValidationTests.swift in Sources */ = {isa = PBXBuildFile; fileRef = CC00E88755590513C3DB7DAB /* PreprocessingValidationTests.swift */; };
		E0314783B2F96E69ADB26AEA /* SensorLocationTests.swift in Sources */ = {isa = PBXBuildFile; fileRef = F643F75C7CECCA9C06779990 /* SensorLocationTests.swift */; };
		E05FEBDA1D8BD2176D99D9FA /* V2RecordingReplay.swift in Sources */ = {isa = PBXBuildFile; fileRef = DB46808BC3F3E7F8B433F466 /* V2RecordingReplay.swift */; };
		E60CEFEDB2B36170B4C5AA07 /* LowPassFilterTests.swift in Sources */ = {isa = PBXBuildFile; fileRef = 9FB030F4474BCA1D7B99EF32 /* LowPassFilterTests.swift */; };
		E770D7D5559EDC4E224F713E /* DevicePathMetrics.swift in Sources */ = {isa = PBXBuildFile; fileRef = E3FFE24D54274F0BC22A20D1 /* DevicePathMetrics.swift */; };
		E9A4ED2592C512237CAB0C83 /* ExperimentalV1Processor.swift in Sources */ = {isa = PBXBuildFile; fileRef = 23739C7BADF41A77A384F8D9 /* ExperimentalV1Processor.swift */; };
		EA96C154F40F75DCC6F66842 /* ExperimentalEvaluation.swift in Sources */ = {isa = PBXBuildFile; fileRef = 253C21E64EBEA77C57786DEB /* ExperimentalEvaluation.swift */; };
		EAEEFA6968C27C3A5F859C13 /* ProcessedMotionCSVExporter.swift in Sources */ = {isa = PBXBuildFile; fileRef = 0DC93BA40C527797DD851990 /* ProcessedMotionCSVExporter.swift */; };
		EB24607EE2390B3246B6C9E5 /* HeadphoneMotionProvider.swift in Sources */ = {isa = PBXBuildFile; fileRef = 5F6CB61AD53C70092D6E4382 /* HeadphoneMotionProvider.swift */; };
		EB56ABAB6AE8D47ED6E49640 /* V6SignalMath.swift in Sources */ = {isa = PBXBuildFile; fileRef = 4D194B9CF762A93884A2D029 /* V6SignalMath.swift */; };
		F509DE11CB99E09AE83ADD56 /* PassiveRepMetrics.swift in Sources */ = {isa = PBXBuildFile; fileRef = 857159A86583F1567220401A /* PassiveRepMetrics.swift */; };
		F5D214B3E0A955AB01407B0D /* ContentView.swift in Sources */ = {isa = PBXBuildFile; fileRef = F8E034C71FD446C4BE7EF5B6 /* ContentView.swift */; };
		F7E6DBDA4B0233D5DFE53C22 /* ExperimentalDetectors.swift in Sources */ = {isa = PBXBuildFile; fileRef = A5BBAF71D9A2CDE18C0417B9 /* ExperimentalDetectors.swift */; };
		FAC17B2182D7E28B5064C24B /* nine-curl-brief-bottoms.json in Resources */ = {isa = PBXBuildFile; fileRef = 82B90450DEF637986EA66451 /* nine-curl-brief-bottoms.json */; };
		FCADC66294FE04C7B4418CBB /* ExperimentalResamplerFilterTests.swift in Sources */ = {isa = PBXBuildFile; fileRef = 2A3DB55ABFD2D9B0BE058F3B /* ExperimentalResamplerFilterTests.swift */; };
		95F00FCE8EB4FFC3F07B9811 /* WorkoutModel.swift in Sources */ = {isa = PBXBuildFile; fileRef = 2ED12F4F54614F337F722528 /* WorkoutModel.swift */; };
		5DAE61C330926D8EE46D6B02 /* WorkoutView.swift in Sources */ = {isa = PBXBuildFile; fileRef = FF250F3CBFAA370372FC2895 /* WorkoutView.swift */; };
		8D68DEAAC4BA97FE4AE0E89F /* WorkoutFlowTests.swift in Sources */ = {isa = PBXBuildFile; fileRef = 54DFC38F6B6BC35E07B0350A /* WorkoutFlowTests.swift */; };
		BF559D593E98861F697655BE /* WorkoutSession.swift in Sources */ = {isa = PBXBuildFile; fileRef = 215055CB0485F771128546B5 /* WorkoutSession.swift */; };
		356961CD869EF45760CD28D6 /* AutoWorkoutView.swift in Sources */ = {isa = PBXBuildFile; fileRef = 63322BFDF214297ECB8B12B9 /* AutoWorkoutView.swift */; };
		8A1F8B795A96EE77D179FBDE /* AutoPatternEngine.swift in Sources */ = {isa = PBXBuildFile; fileRef = EBB9E52E3C97BFB928FCB208 /* AutoPatternEngine.swift */; };
		75B3A17EA98F69EDA140B950 /* AutoSetCoordinator.swift in Sources */ = {isa = PBXBuildFile; fileRef = BB316D4A1DD6B95A07071C4C /* AutoSetCoordinator.swift */; };
		6728BD1ACA1B0368F78C1F16 /* AutoWorkoutMetrics.swift in Sources */ = {isa = PBXBuildFile; fileRef = 6FE3B77F976ED2FC6EC37445 /* AutoWorkoutMetrics.swift */; };
		8D93381043159441150C28C9 /* AutoWorkoutModel.swift in Sources */ = {isa = PBXBuildFile; fileRef = 8D5C89FD970F5AAEB669C275 /* AutoWorkoutModel.swift */; };
		00DBD9A86FB6DCC866C38965 /* AutoWorkoutSession.swift in Sources */ = {isa = PBXBuildFile; fileRef = 3A43A3CAE18E232D71A01E9B /* AutoWorkoutSession.swift */; };
		D0C062F38761C89620F24B5A /* AutoWorkoutTypes.swift in Sources */ = {isa = PBXBuildFile; fileRef = A10A189C930E3938C022A289 /* AutoWorkoutTypes.swift */; };
		7B35D47DC5CA54CD6A302EEF /* AutoPatternEngineTests.swift in Sources */ = {isa = PBXBuildFile; fileRef = B173E301A9A29E421DFECE96 /* AutoPatternEngineTests.swift */; };
		50600FE827D039B699A2EBAB /* AutoSetCoordinatorTests.swift in Sources */ = {isa = PBXBuildFile; fileRef = ABD8ECAE233F613A2C391EDC /* AutoSetCoordinatorTests.swift */; };
		A8E9BFDF630EA67ED90C413B /* AutoWorkoutPresentationTests.swift in Sources */ = {isa = PBXBuildFile; fileRef = 0A1F79E67EBD82DDD671A9F2 /* AutoWorkoutPresentationTests.swift */; };
		925E8C8B224BA914E2C813C6 /* AutoWorkoutSessionTests.swift in Sources */ = {isa = PBXBuildFile; fileRef = 419191019CA9AA90D939D856 /* AutoWorkoutSessionTests.swift */; };
		617384D9DDF7A293DA403A85 /* AutoWorkoutProcessorTests.swift in Sources */ = {isa = PBXBuildFile; fileRef = ABE9599B9CFD487171B48E12 /* AutoWorkoutProcessorTests.swift */; };
		1D336AFAB7D044C6D9081EF3 /* AutoWorkoutFlowTests.swift in Sources */ = {isa = PBXBuildFile; fileRef = 26A201F4C30436E2BF251977 /* AutoWorkoutFlowTests.swift */; };
		B1C1A5500000000000000000 /* ExerciseClassification.swift in Sources */ = {isa = PBXBuildFile; fileRef = A1C1A5500000000000000000 /* ExerciseClassification.swift */; };
		B1C1A5500000000000000001 /* ExerciseClassificationSession.swift in Sources */ = {isa = PBXBuildFile; fileRef = A1C1A5500000000000000001 /* ExerciseClassificationSession.swift */; };
		B1C1A5500000000000000002 /* ExerciseModelProvenance.swift in Sources */ = {isa = PBXBuildFile; fileRef = A1C1A5500000000000000002 /* ExerciseModelProvenance.swift */; };
		B1C1A5500000000000000003 /* exercise-portable-model.json in Resources */ = {isa = PBXBuildFile; fileRef = A1C1A5500000000000000003 /* exercise-portable-model.json */; };
		B1C1A5500000000000000004 /* exercise-feature-schema.json in Resources */ = {isa = PBXBuildFile; fileRef = A1C1A5500000000000000004 /* exercise-feature-schema.json */; };
/* End PBXBuildFile section */

/* Begin PBXContainerItemProxy section */
		B350158AE1177992263B32D5 /* PBXContainerItemProxy */ = {
			isa = PBXContainerItemProxy;
			containerPortal = 3896EAEE8AC46B556AD4EFCD /* Project object */;
			proxyType = 1;
			remoteGlobalIDString = 667A7262002A0DFF801EFC82;
			remoteInfo = LiftPod;
		};
/* End PBXContainerItemProxy section */

/* Begin PBXFileReference section */
		A1C0AC000000000000000001 /* AIWorkoutCoach.swift */ = {isa = PBXFileReference; lastKnownFileType = sourcecode.swift; path = "Workout/AIWorkoutCoach.swift"; sourceTree = "<group>"; };
		AA09594A00000000000000F0 /* PostSetPhaseTests.swift */ = {isa = PBXFileReference; lastKnownFileType = sourcecode.swift; path = PostSetPhaseTests.swift; sourceTree = "<group>"; };
		AA09594A0000000000000001 /* PostSetPhaseService.swift */ = {isa = PBXFileReference; lastKnownFileType = sourcecode.swift; path = PostSetPhaseService.swift; sourceTree = "<group>"; };
		AA09594A0000000000000000 /* PostSetPhaseAnalysis.swift */ = {isa = PBXFileReference; lastKnownFileType = sourcecode.swift; path = PostSetPhaseAnalysis.swift; sourceTree = "<group>"; };
		0197CF8015FF8D4D19436C18 /* RawMotionCSVDecoder.swift */ = {isa = PBXFileReference; lastKnownFileType = sourcecode.swift; path = RawMotionCSVDecoder.swift; sourceTree = "<group>"; };
		048EDBE53B77DC7E613C0F56 /* GenericRepTypes.swift */ = {isa = PBXFileReference; lastKnownFileType = sourcecode.swift; path = GenericRepTypes.swift; sourceTree = "<group>"; };
		06624E3934144C0B8783D326 /* RawMotionSample.swift */ = {isa = PBXFileReference; lastKnownFileType = sourcecode.swift; path = RawMotionSample.swift; sourceTree = "<group>"; };
		06C51425EFD3A9F7E7603423 /* V2StreamingResampler.swift */ = {isa = PBXFileReference; lastKnownFileType = sourcecode.swift; path = V2StreamingResampler.swift; sourceTree = "<group>"; };
		073999BEA8683FDA52EFF2E0 /* ContinuousRecordingTests.swift */ = {isa = PBXFileReference; lastKnownFileType = sourcecode.swift; path = ContinuousRecordingTests.swift; sourceTree = "<group>"; };
		0C4E6E6DFCBC76DD571C4FA5 /* ExperimentalV1Model.swift */ = {isa = PBXFileReference; lastKnownFileType = sourcecode.swift; path = ExperimentalV1Model.swift; sourceTree = "<group>"; };
		0D9AAFE65E0FEE02A5C54D42 /* V6ReferenceAcquirer.swift */ = {isa = PBXFileReference; lastKnownFileType = sourcecode.swift; path = V6ReferenceAcquirer.swift; sourceTree = "<group>"; };
		0DC93BA40C527797DD851990 /* ProcessedMotionCSVExporter.swift */ = {isa = PBXFileReference; lastKnownFileType = sourcecode.swift; path = ProcessedMotionCSVExporter.swift; sourceTree = "<group>"; };
		161BAFCB5EE4778AE36CAA31 /* ProcessedCSVExportTests.swift */ = {isa = PBXFileReference; lastKnownFileType = sourcecode.swift; path = ProcessedCSVExportTests.swift; sourceTree = "<group>"; };
		1874D4E66A5BC98AD33BDC90 /* ExperimentalV2Types.swift */ = {isa = PBXFileReference; lastKnownFileType = sourcecode.swift; path = ExperimentalV2Types.swift; sourceTree = "<group>"; };
		19E028AF736593B8DF138EA6 /* GenericPhysicalPhases.swift */ = {isa = PBXFileReference; lastKnownFileType = sourcecode.swift; path = GenericPhysicalPhases.swift; sourceTree = "<group>"; };
		23739C7BADF41A77A384F8D9 /* ExperimentalV1Processor.swift */ = {isa = PBXFileReference; lastKnownFileType = sourcecode.swift; path = ExperimentalV1Processor.swift; sourceTree = "<group>"; };
		2395946AD1208AE9DB2E66C2 /* TestSupport.swift */ = {isa = PBXFileReference; lastKnownFileType = sourcecode.swift; path = TestSupport.swift; sourceTree = "<group>"; };
		252B49E421AB60756C0F266B /* V2SetEngine.swift */ = {isa = PBXFileReference; lastKnownFileType = sourcecode.swift; path = V2SetEngine.swift; sourceTree = "<group>"; };
		253C21E64EBEA77C57786DEB /* ExperimentalEvaluation.swift */ = {isa = PBXFileReference; lastKnownFileType = sourcecode.swift; path = ExperimentalEvaluation.swift; sourceTree = "<group>"; };
		2A3DB55ABFD2D9B0BE058F3B /* ExperimentalResamplerFilterTests.swift */ = {isa = PBXFileReference; lastKnownFileType = sourcecode.swift; path = ExperimentalResamplerFilterTests.swift; sourceTree = "<group>"; };
		2F13DC5B8F2C5B2C6ED2A0F0 /* CSVRecorderTests.swift */ = {isa = PBXFileReference; lastKnownFileType = sourcecode.swift; path = CSVRecorderTests.swift; sourceTree = "<group>"; };
		349164FEC9387877DB3D9AF1 /* V6QualifiedCycleSegmenter.swift */ = {isa = PBXFileReference; lastKnownFileType = sourcecode.swift; path = V6QualifiedCycleSegmenter.swift; sourceTree = "<group>"; };
		417C55771C0BE91957337BE8 /* ExperimentalV2SignalLabView.swift */ = {isa = PBXFileReference; lastKnownFileType = sourcecode.swift; path = ExperimentalV2SignalLabView.swift; sourceTree = "<group>"; };
		424BC3F60A64D037BC04C242 /* CalibrationTests.swift */ = {isa = PBXFileReference; lastKnownFileType = sourcecode.swift; path = CalibrationTests.swift; sourceTree = "<group>"; };
		42FEDFD5EAC1E25D52F8D6FB /* MotionProviding.swift */ = {isa = PBXFileReference; lastKnownFileType = sourcecode.swift; path = MotionProviding.swift; sourceTree = "<group>"; };
		4480811CEDEED3FA5B146C8A /* ExperimentalReplay.swift */ = {isa = PBXFileReference; lastKnownFileType = sourcecode.swift; path = ExperimentalReplay.swift; sourceTree = "<group>"; };
		47DCA6D7C094A391C7BFB996 /* CaptureModel.swift */ = {isa = PBXFileReference; lastKnownFileType = sourcecode.swift; path = CaptureModel.swift; sourceTree = "<group>"; };
		4BFEBEA6E650D9651D43EDAA /* LiftPodApp.swift */ = {isa = PBXFileReference; lastKnownFileType = sourcecode.swift; path = LiftPodApp.swift; sourceTree = "<group>"; };
		4D194B9CF762A93884A2D029 /* V6SignalMath.swift */ = {isa = PBXFileReference; lastKnownFileType = sourcecode.swift; path = V6SignalMath.swift; sourceTree = "<group>"; };
		4EB0ED997FD61B8E6C95DF11 /* ContinuousRepMetricsTests.swift */ = {isa = PBXFileReference; lastKnownFileType = sourcecode.swift; path = ContinuousRepMetricsTests.swift; sourceTree = "<group>"; };
		53A7103A613BB4CF247C19C6 /* ExperimentalDetectorTests.swift */ = {isa = PBXFileReference; lastKnownFileType = sourcecode.swift; path = ExperimentalDetectorTests.swift; sourceTree = "<group>"; };
		54B4317634785E864F24FD91 /* MotionPreprocessingEngine.swift */ = {isa = PBXFileReference; lastKnownFileType = sourcecode.swift; path = MotionPreprocessingEngine.swift; sourceTree = "<group>"; };
		561DF79EA2AD191D1FA6F0FA /* ExperimentalV2Model.swift */ = {isa = PBXFileReference; lastKnownFileType = sourcecode.swift; path = ExperimentalV2Model.swift; sourceTree = "<group>"; };
		56AEACB610D0F6F2F938BD27 /* PreprocessingTypes.swift */ = {isa = PBXFileReference; lastKnownFileType = sourcecode.swift; path = PreprocessingTypes.swift; sourceTree = "<group>"; };
		5CEBB831C265D1D414EAEA07 /* CaptureModelTests.swift */ = {isa = PBXFileReference; lastKnownFileType = sourcecode.swift; path = CaptureModelTests.swift; sourceTree = "<group>"; };
		5D243E8878DE3DE8DD63558D /* GenericRepTests.swift */ = {isa = PBXFileReference; lastKnownFileType = sourcecode.swift; path = GenericRepTests.swift; sourceTree = "<group>"; };
		5F6CB61AD53C70092D6E4382 /* HeadphoneMotionProvider.swift */ = {isa = PBXFileReference; lastKnownFileType = sourcecode.swift; path = HeadphoneMotionProvider.swift; sourceTree = "<group>"; };
		6083E15C8A56996CD2684D57 /* V2TemplateCycleDetector.swift */ = {isa = PBXFileReference; lastKnownFileType = sourcecode.swift; path = V2TemplateCycleDetector.swift; sourceTree = "<group>"; };
		6812C8D2AA9EE3B86BC6AA86 /* V2TemplateCalibrationTests.swift */ = {isa = PBXFileReference; lastKnownFileType = sourcecode.swift; path = V2TemplateCalibrationTests.swift; sourceTree = "<group>"; };
		6B59C57E79313BD9F3F66160 /* SignalQualityTracker.swift */ = {isa = PBXFileReference; lastKnownFileType = sourcecode.swift; path = SignalQualityTracker.swift; sourceTree = "<group>"; };
		6C3D1BBAD261E3FECA0BE395 /* ExperimentalV2TestSupport.swift */ = {isa = PBXFileReference; lastKnownFileType = sourcecode.swift; path = ExperimentalV2TestSupport.swift; sourceTree = "<group>"; };
		72D32695704C8F1CD6500B04 /* V7DetectorContinuityTests.swift */ = {isa = PBXFileReference; lastKnownFileType = sourcecode.swift; path = V7DetectorContinuityTests.swift; sourceTree = "<group>"; };
		753DD40F47BFEA890D8018B9 /* V2Calibration.swift */ = {isa = PBXFileReference; lastKnownFileType = sourcecode.swift; path = V2Calibration.swift; sourceTree = "<group>"; };
		7DA1032ADBDDBFC62D2C26C9 /* GenericRepEvaluation.swift */ = {isa = PBXFileReference; lastKnownFileType = sourcecode.swift; path = GenericRepEvaluation.swift; sourceTree = "<group>"; };
		7DC16000960721945EC21252 /* V2ReferenceAndCycleTests.swift */ = {isa = PBXFileReference; lastKnownFileType = sourcecode.swift; path = V2ReferenceAndCycleTests.swift; sourceTree = "<group>"; };
		82B90450DEF637986EA66451 /* nine-curl-brief-bottoms.json */ = {isa = PBXFileReference; lastKnownFileType = text.json; path = "nine-curl-brief-bottoms.json"; sourceTree = "<group>"; };
		837B9AC9577020031B2DA516 /* latest-continuous-eight-curl.json */ = {isa = PBXFileReference; lastKnownFileType = text.json; path = "latest-continuous-eight-curl.json"; sourceTree = "<group>"; };
		857159A86583F1567220401A /* PassiveRepMetrics.swift */ = {isa = PBXFileReference; lastKnownFileType = sourcecode.swift; path = PassiveRepMetrics.swift; sourceTree = "<group>"; };
		8725E4B356538D999FB00037 /* V2ReferenceAcquisition.swift */ = {isa = PBXFileReference; lastKnownFileType = sourcecode.swift; path = V2ReferenceAcquisition.swift; sourceTree = "<group>"; };
		8783CF3FA605A6F98755E840 /* ScalarBiquadFilter.swift */ = {isa = PBXFileReference; lastKnownFileType = sourcecode.swift; path = ScalarBiquadFilter.swift; sourceTree = "<group>"; };
		8B05988DF501ED7FD0ABB394 /* LateralRaiseProfile.swift */ = {isa = PBXFileReference; lastKnownFileType = sourcecode.swift; path = LateralRaiseProfile.swift; sourceTree = "<group>"; };
		8E269E06A732B0FB6DC9E8E0 /* V6SignalProcessingTests.swift */ = {isa = PBXFileReference; lastKnownFileType = sourcecode.swift; path = V6SignalProcessingTests.swift; sourceTree = "<group>"; };
		9076629AAA11CD946833FB3D /* StreamRecoveryTests.swift */ = {isa = PBXFileReference; lastKnownFileType = sourcecode.swift; path = StreamRecoveryTests.swift; sourceTree = "<group>"; };
		97C017C5EE715FF7F8A75A67 /* LiftPod.app */ = {isa = PBXFileReference; includeInIndex = 0; lastKnownFileType = wrapper.application; path = LiftPod.app; sourceTree = BUILT_PRODUCTS_DIR; };
		9D0AC12615399DC46348172A /* OfflinePreprocessingModel.swift */ = {isa = PBXFileReference; lastKnownFileType = sourcecode.swift; path = OfflinePreprocessingModel.swift; sourceTree = "<group>"; };
		9E1A30F418D0A3219A77BF01 /* RawMotionCSVDecoderTests.swift */ = {isa = PBXFileReference; lastKnownFileType = sourcecode.swift; path = RawMotionCSVDecoderTests.swift; sourceTree = "<group>"; };
		9FB030F4474BCA1D7B99EF32 /* LowPassFilterTests.swift */ = {isa = PBXFileReference; lastKnownFileType = sourcecode.swift; path = LowPassFilterTests.swift; sourceTree = "<group>"; };
		A5BBAF71D9A2CDE18C0417B9 /* ExperimentalDetectors.swift */ = {isa = PBXFileReference; lastKnownFileType = sourcecode.swift; path = ExperimentalDetectors.swift; sourceTree = "<group>"; };
		AE36268F157EA109BA0BB699 /* V2LocalCycleDetector.swift */ = {isa = PBXFileReference; lastKnownFileType = sourcecode.swift; path = V2LocalCycleDetector.swift; sourceTree = "<group>"; };
		AE84E9B425FBB4F7489CBD6E /* V2TemplateMatching.swift */ = {isa = PBXFileReference; lastKnownFileType = sourcecode.swift; path = V2TemplateMatching.swift; sourceTree = "<group>"; };
		B30DE1947BD8BCD6335DFBA3 /* GenericCycleDetector.swift */ = {isa = PBXFileReference; lastKnownFileType = sourcecode.swift; path = GenericCycleDetector.swift; sourceTree = "<group>"; };
		BAE4635129F455B4B7D0648B /* V6CurlDetector.swift */ = {isa = PBXFileReference; lastKnownFileType = sourcecode.swift; path = V6CurlDetector.swift; sourceTree = "<group>"; };
		BED7A9B1A15874948351FC2F /* V2OfflineEvaluation.swift */ = {isa = PBXFileReference; lastKnownFileType = sourcecode.swift; path = V2OfflineEvaluation.swift; sourceTree = "<group>"; };
		C012E1EDEC827CAB2F412099 /* LiftPodTests.xctest */ = {isa = PBXFileReference; includeInIndex = 0; lastKnownFileType = wrapper.cfbundle; path = LiftPodTests.xctest; sourceTree = BUILT_PRODUCTS_DIR; };
		C0E36ED107D11A93DC6915F9 /* LateralRaiseIntegrationTests.swift */ = {isa = PBXFileReference; lastKnownFileType = sourcecode.swift; path = LateralRaiseIntegrationTests.swift; sourceTree = "<group>"; };
		C7FFC69E799ED27235012346 /* ExperimentalOrchestrationTests.swift */ = {isa = PBXFileReference; lastKnownFileType = sourcecode.swift; path = ExperimentalOrchestrationTests.swift; sourceTree = "<group>"; };
		CB77526FEBE7B2AAEF2E7F69 /* PassiveRepMetricsTests.swift */ = {isa = PBXFileReference; lastKnownFileType = sourcecode.swift; path = PassiveRepMetricsTests.swift; sourceTree = "<group>"; };
		CC00E88755590513C3DB7DAB /* PreprocessingValidationTests.swift */ = {isa = PBXFileReference; lastKnownFileType = sourcecode.swift; path = PreprocessingValidationTests.swift; sourceTree = "<group>"; };
		D59E87EB0E5153506D456864 /* GenericRepSession.swift */ = {isa = PBXFileReference; lastKnownFileType = sourcecode.swift; path = GenericRepSession.swift; sourceTree = "<group>"; };
		DB46808BC3F3E7F8B433F466 /* V2RecordingReplay.swift */ = {isa = PBXFileReference; lastKnownFileType = sourcecode.swift; path = V2RecordingReplay.swift; sourceTree = "<group>"; };
		DE7E0AB11A54DA75742AE29B /* ProviderAbstractionTests.swift */ = {isa = PBXFileReference; lastKnownFileType = sourcecode.swift; path = ProviderAbstractionTests.swift; sourceTree = "<group>"; };
		DEDCB5421249F1FFA9D77394 /* CSVRecorder.swift */ = {isa = PBXFileReference; lastKnownFileType = sourcecode.swift; path = CSVRecorder.swift; sourceTree = "<group>"; };
		E3FFE24D54274F0BC22A20D1 /* DevicePathMetrics.swift */ = {isa = PBXFileReference; lastKnownFileType = sourcecode.swift; path = DevicePathMetrics.swift; sourceTree = "<group>"; };
		EBBFEB922BB005FF194C54DB /* DevicePathMetricsTests.swift */ = {isa = PBXFileReference; lastKnownFileType = sourcecode.swift; path = DevicePathMetricsTests.swift; sourceTree = "<group>"; };
		F40C749940C625DA78416EA9 /* ExperimentalV1TestSupport.swift */ = {isa = PBXFileReference; lastKnownFileType = sourcecode.swift; path = ExperimentalV1TestSupport.swift; sourceTree = "<group>"; };
		F643F75C7CECCA9C06779990 /* SensorLocationTests.swift */ = {isa = PBXFileReference; lastKnownFileType = sourcecode.swift; path = SensorLocationTests.swift; sourceTree = "<group>"; };
		F68216B86684B13C61D58463 /* ExperimentalV1Types.swift */ = {isa = PBXFileReference; lastKnownFileType = sourcecode.swift; path = ExperimentalV1Types.swift; sourceTree = "<group>"; };
		F8DFDCCB184ECE7FB99ED7C9 /* V2LifecycleRecordingEvaluationTests.swift */ = {isa = PBXFileReference; lastKnownFileType = sourcecode.swift; path = V2LifecycleRecordingEvaluationTests.swift; sourceTree = "<group>"; };
		F8E034C71FD446C4BE7EF5B6 /* ContentView.swift */ = {isa = PBXFileReference; lastKnownFileType = sourcecode.swift; path = ContentView.swift; sourceTree = "<group>"; };
		FA184BBA9E06B9843D2AB35F /* MotionResampler.swift */ = {isa = PBXFileReference; lastKnownFileType = sourcecode.swift; path = MotionResampler.swift; sourceTree = "<group>"; };
		FF3A64A49111B5ADBDF482E2 /* VerticalProjectionTests.swift */ = {isa = PBXFileReference; lastKnownFileType = sourcecode.swift; path = VerticalProjectionTests.swift; sourceTree = "<group>"; };
		2ED12F4F54614F337F722528 /* WorkoutModel.swift */ = {isa = PBXFileReference; lastKnownFileType = sourcecode.swift; path = "Workout/WorkoutModel.swift"; sourceTree = "<group>"; };
		FF250F3CBFAA370372FC2895 /* WorkoutView.swift */ = {isa = PBXFileReference; lastKnownFileType = sourcecode.swift; path = "Workout/WorkoutView.swift"; sourceTree = "<group>"; };
		54DFC38F6B6BC35E07B0350A /* WorkoutFlowTests.swift */ = {isa = PBXFileReference; lastKnownFileType = sourcecode.swift; path = "WorkoutFlowTests.swift"; sourceTree = "<group>"; };
		215055CB0485F771128546B5 /* WorkoutSession.swift */ = {isa = PBXFileReference; lastKnownFileType = sourcecode.swift; path = "Workout/WorkoutSession.swift"; sourceTree = "<group>"; };
		63322BFDF214297ECB8B12B9 /* AutoWorkoutView.swift */ = {isa = PBXFileReference; lastKnownFileType = sourcecode.swift; path = AutoWorkoutView.swift; sourceTree = "<group>"; };
		EBB9E52E3C97BFB928FCB208 /* AutoPatternEngine.swift */ = {isa = PBXFileReference; lastKnownFileType = sourcecode.swift; path = AutoPatternEngine.swift; sourceTree = "<group>"; };
		BB316D4A1DD6B95A07071C4C /* AutoSetCoordinator.swift */ = {isa = PBXFileReference; lastKnownFileType = sourcecode.swift; path = AutoSetCoordinator.swift; sourceTree = "<group>"; };
		6FE3B77F976ED2FC6EC37445 /* AutoWorkoutMetrics.swift */ = {isa = PBXFileReference; lastKnownFileType = sourcecode.swift; path = AutoWorkoutMetrics.swift; sourceTree = "<group>"; };
		8D5C89FD970F5AAEB669C275 /* AutoWorkoutModel.swift */ = {isa = PBXFileReference; lastKnownFileType = sourcecode.swift; path = AutoWorkoutModel.swift; sourceTree = "<group>"; };
		3A43A3CAE18E232D71A01E9B /* AutoWorkoutSession.swift */ = {isa = PBXFileReference; lastKnownFileType = sourcecode.swift; path = AutoWorkoutSession.swift; sourceTree = "<group>"; };
		A10A189C930E3938C022A289 /* AutoWorkoutTypes.swift */ = {isa = PBXFileReference; lastKnownFileType = sourcecode.swift; path = AutoWorkoutTypes.swift; sourceTree = "<group>"; };
		B173E301A9A29E421DFECE96 /* AutoPatternEngineTests.swift */ = {isa = PBXFileReference; lastKnownFileType = sourcecode.swift; path = AutoPatternEngineTests.swift; sourceTree = "<group>"; };
		ABD8ECAE233F613A2C391EDC /* AutoSetCoordinatorTests.swift */ = {isa = PBXFileReference; lastKnownFileType = sourcecode.swift; path = AutoSetCoordinatorTests.swift; sourceTree = "<group>"; };
		0A1F79E67EBD82DDD671A9F2 /* AutoWorkoutPresentationTests.swift */ = {isa = PBXFileReference; lastKnownFileType = sourcecode.swift; path = AutoWorkoutPresentationTests.swift; sourceTree = "<group>"; };
		419191019CA9AA90D939D856 /* AutoWorkoutSessionTests.swift */ = {isa = PBXFileReference; lastKnownFileType = sourcecode.swift; path = AutoWorkoutSessionTests.swift; sourceTree = "<group>"; };
		ABE9599B9CFD487171B48E12 /* AutoWorkoutProcessorTests.swift */ = {isa = PBXFileReference; lastKnownFileType = sourcecode.swift; path = AutoWorkoutProcessorTests.swift; sourceTree = "<group>"; };
		26A201F4C30436E2BF251977 /* AutoWorkoutFlowTests.swift */ = {isa = PBXFileReference; lastKnownFileType = sourcecode.swift; path = AutoWorkoutFlowTests.swift; sourceTree = "<group>"; };
		A1C1A5500000000000000000 /* ExerciseClassification.swift */ = {isa = PBXFileReference; lastKnownFileType = sourcecode.swift; path = LiftPod/Workout/ExerciseClassification.swift; sourceTree = SOURCE_ROOT; };
		A1C1A5500000000000000001 /* ExerciseClassificationSession.swift */ = {isa = PBXFileReference; lastKnownFileType = sourcecode.swift; path = LiftPod/Workout/ExerciseClassificationSession.swift; sourceTree = SOURCE_ROOT; };
		A1C1A5500000000000000002 /* ExerciseModelProvenance.swift */ = {isa = PBXFileReference; lastKnownFileType = sourcecode.swift; path = LiftPod/Workout/ExerciseModelProvenance.swift; sourceTree = SOURCE_ROOT; };
		A1C1A5500000000000000003 /* exercise-portable-model.json */ = {isa = PBXFileReference; lastKnownFileType = text.json; path = LiftPod/Resources/exercise-portable-model.json; sourceTree = SOURCE_ROOT; };
		A1C1A5500000000000000004 /* exercise-feature-schema.json */ = {isa = PBXFileReference; lastKnownFileType = text.json; path = LiftPod/Resources/exercise-feature-schema.json; sourceTree = SOURCE_ROOT; };
/* End PBXFileReference section */

/* Begin PBXGroup section */
		259993BDF69903960DCA01F9 = {
			isa = PBXGroup;
			children = (
				74A85A50F0A428AF0C3D9D64 /* LiftPod */,
				6BB698BA543A7CFA2C9FF4A6 /* LiftPodTests */,
				E42C301D021A10F8D28D740C /* Products */,
			);
			sourceTree = "<group>";
		};
		32ADB041631AE80A43DB4E4F /* Model */ = {
			isa = PBXGroup;
			children = (
				06624E3934144C0B8783D326 /* RawMotionSample.swift */,
			);
			path = Model;
			sourceTree = "<group>";
		};
		430F1A14F69C4BB6A256B081 /* ExperimentalV1 */ = {
			isa = PBXGroup;
			children = (
				A5BBAF71D9A2CDE18C0417B9 /* ExperimentalDetectors.swift */,
				253C21E64EBEA77C57786DEB /* ExperimentalEvaluation.swift */,
				4480811CEDEED3FA5B146C8A /* ExperimentalReplay.swift */,
				0C4E6E6DFCBC76DD571C4FA5 /* ExperimentalV1Model.swift */,
				23739C7BADF41A77A384F8D9 /* ExperimentalV1Processor.swift */,
				F68216B86684B13C61D58463 /* ExperimentalV1Types.swift */,
				FA184BBA9E06B9843D2AB35F /* MotionResampler.swift */,
				8783CF3FA605A6F98755E840 /* ScalarBiquadFilter.swift */,
				6B59C57E79313BD9F3F66160 /* SignalQualityTracker.swift */,
			);
			path = ExperimentalV1;
			sourceTree = "<group>";
		};
		689D4B649737A70E16A0679A /* Recording */ = {
			isa = PBXGroup;
			children = (
				DEDCB5421249F1FFA9D77394 /* CSVRecorder.swift */,
			);
			path = Recording;
			sourceTree = "<group>";
		};
		6BB698BA543A7CFA2C9FF4A6 /* LiftPodTests */ = {
			isa = PBXGroup;
			children = (
				ABE9599B9CFD487171B48E12 /* AutoWorkoutProcessorTests.swift */,
				26A201F4C30436E2BF251977 /* AutoWorkoutFlowTests.swift */,
				419191019CA9AA90D939D856 /* AutoWorkoutSessionTests.swift */,
				0A1F79E67EBD82DDD671A9F2 /* AutoWorkoutPresentationTests.swift */,
				ABD8ECAE233F613A2C391EDC /* AutoSetCoordinatorTests.swift */,
				B173E301A9A29E421DFECE96 /* AutoPatternEngineTests.swift */,
				424BC3F60A64D037BC04C242 /* CalibrationTests.swift */,
				54DFC38F6B6BC35E07B0350A /* WorkoutFlowTests.swift */,
				5CEBB831C265D1D414EAEA07 /* CaptureModelTests.swift */,
				073999BEA8683FDA52EFF2E0 /* ContinuousRecordingTests.swift */,
				4EB0ED997FD61B8E6C95DF11 /* ContinuousRepMetricsTests.swift */,
				2F13DC5B8F2C5B2C6ED2A0F0 /* CSVRecorderTests.swift */,
				EBBFEB922BB005FF194C54DB /* DevicePathMetricsTests.swift */,
				53A7103A613BB4CF247C19C6 /* ExperimentalDetectorTests.swift */,
				C7FFC69E799ED27235012346 /* ExperimentalOrchestrationTests.swift */,
				2A3DB55ABFD2D9B0BE058F3B /* ExperimentalResamplerFilterTests.swift */,
				F40C749940C625DA78416EA9 /* ExperimentalV1TestSupport.swift */,
				6C3D1BBAD261E3FECA0BE395 /* ExperimentalV2TestSupport.swift */,
				5D243E8878DE3DE8DD63558D /* GenericRepTests.swift */,
				AA09594A00000000000000F0 /* PostSetPhaseTests.swift */,
				C0E36ED107D11A93DC6915F9 /* LateralRaiseIntegrationTests.swift */,
				9FB030F4474BCA1D7B99EF32 /* LowPassFilterTests.swift */,
				CB77526FEBE7B2AAEF2E7F69 /* PassiveRepMetricsTests.swift */,
				CC00E88755590513C3DB7DAB /* PreprocessingValidationTests.swift */,
				161BAFCB5EE4778AE36CAA31 /* ProcessedCSVExportTests.swift */,
				DE7E0AB11A54DA75742AE29B /* ProviderAbstractionTests.swift */,
				9E1A30F418D0A3219A77BF01 /* RawMotionCSVDecoderTests.swift */,
				F643F75C7CECCA9C06779990 /* SensorLocationTests.swift */,
				9076629AAA11CD946833FB3D /* StreamRecoveryTests.swift */,
				2395946AD1208AE9DB2E66C2 /* TestSupport.swift */,
				F8DFDCCB184ECE7FB99ED7C9 /* V2LifecycleRecordingEvaluationTests.swift */,
				7DC16000960721945EC21252 /* V2ReferenceAndCycleTests.swift */,
				6812C8D2AA9EE3B86BC6AA86 /* V2TemplateCalibrationTests.swift */,
				8E269E06A732B0FB6DC9E8E0 /* V6SignalProcessingTests.swift */,
				72D32695704C8F1CD6500B04 /* V7DetectorContinuityTests.swift */,
				FF3A64A49111B5ADBDF482E2 /* VerticalProjectionTests.swift */,
				DA584903A8E2498B13FB08EE /* Fixtures */,
			);
			path = LiftPodTests;
			sourceTree = "<group>";
		};
		74A85A50F0A428AF0C3D9D64 /* LiftPod */ = {
			isa = PBXGroup;
			children = (
				CCAFCE2DB26C40452ADDAAF9 /* App */,
				215055CB0485F771128546B5 /* WorkoutSession.swift */,
				FF250F3CBFAA370372FC2895 /* WorkoutView.swift */,
				2ED12F4F54614F337F722528 /* WorkoutModel.swift */,
				A1C0AC000000000000000001 /* AIWorkoutCoach.swift */,
				430F1A14F69C4BB6A256B081 /* ExperimentalV1 */,
				B38B3867EF27D6543011DF9C /* ExperimentalV2 */,
				32ADB041631AE80A43DB4E4F /* Model */,
				F2FD813EB9FB0EFB0D2C2A61 /* Motion */,
				852E6DFE041C403681713F6C /* Preprocessing */,
				689D4B649737A70E16A0679A /* Recording */,
				CBD25F111A20C71243BD4213 /* State */,
			);
			path = LiftPod;
			sourceTree = "<group>";
		};
		852E6DFE041C403681713F6C /* Preprocessing */ = {
			isa = PBXGroup;
			children = (
				54B4317634785E864F24FD91 /* MotionPreprocessingEngine.swift */,
				9D0AC12615399DC46348172A /* OfflinePreprocessingModel.swift */,
				56AEACB610D0F6F2F938BD27 /* PreprocessingTypes.swift */,
				0DC93BA40C527797DD851990 /* ProcessedMotionCSVExporter.swift */,
				0197CF8015FF8D4D19436C18 /* RawMotionCSVDecoder.swift */,
			);
			path = Preprocessing;
			sourceTree = "<group>";
		};
		B38B3867EF27D6543011DF9C /* ExperimentalV2 */ = {
			isa = PBXGroup;
			children = (
				A10A189C930E3938C022A289 /* AutoWorkoutTypes.swift */,
				3A43A3CAE18E232D71A01E9B /* AutoWorkoutSession.swift */,
				8D5C89FD970F5AAEB669C275 /* AutoWorkoutModel.swift */,
				6FE3B77F976ED2FC6EC37445 /* AutoWorkoutMetrics.swift */,
				BB316D4A1DD6B95A07071C4C /* AutoSetCoordinator.swift */,
				EBB9E52E3C97BFB928FCB208 /* AutoPatternEngine.swift */,
				E3FFE24D54274F0BC22A20D1 /* DevicePathMetrics.swift */,
				561DF79EA2AD191D1FA6F0FA /* ExperimentalV2Model.swift */,
				1874D4E66A5BC98AD33BDC90 /* ExperimentalV2Types.swift */,
				B30DE1947BD8BCD6335DFBA3 /* GenericCycleDetector.swift */,
				19E028AF736593B8DF138EA6 /* GenericPhysicalPhases.swift */,
				AA09594A0000000000000001 /* PostSetPhaseService.swift */,
				AA09594A0000000000000000 /* PostSetPhaseAnalysis.swift */,
				7DA1032ADBDDBFC62D2C26C9 /* GenericRepEvaluation.swift */,
				D59E87EB0E5153506D456864 /* GenericRepSession.swift */,
				048EDBE53B77DC7E613C0F56 /* GenericRepTypes.swift */,
				8B05988DF501ED7FD0ABB394 /* LateralRaiseProfile.swift */,
				857159A86583F1567220401A /* PassiveRepMetrics.swift */,
				753DD40F47BFEA890D8018B9 /* V2Calibration.swift */,
				AE36268F157EA109BA0BB699 /* V2LocalCycleDetector.swift */,
				BED7A9B1A15874948351FC2F /* V2OfflineEvaluation.swift */,
				DB46808BC3F3E7F8B433F466 /* V2RecordingReplay.swift */,
				8725E4B356538D999FB00037 /* V2ReferenceAcquisition.swift */,
				252B49E421AB60756C0F266B /* V2SetEngine.swift */,
				06C51425EFD3A9F7E7603423 /* V2StreamingResampler.swift */,
				6083E15C8A56996CD2684D57 /* V2TemplateCycleDetector.swift */,
				AE84E9B425FBB4F7489CBD6E /* V2TemplateMatching.swift */,
				BAE4635129F455B4B7D0648B /* V6CurlDetector.swift */,
				349164FEC9387877DB3D9AF1 /* V6QualifiedCycleSegmenter.swift */,
				0D9AAFE65E0FEE02A5C54D42 /* V6ReferenceAcquirer.swift */,
				4D194B9CF762A93884A2D029 /* V6SignalMath.swift */,
			);
			path = ExperimentalV2;
			sourceTree = "<group>";
		};
		CBD25F111A20C71243BD4213 /* State */ = {
			isa = PBXGroup;
			children = (
				47DCA6D7C094A391C7BFB996 /* CaptureModel.swift */,
			);
			path = State;
			sourceTree = "<group>";
		};
		CCAFCE2DB26C40452ADDAAF9 /* App */ = {
			isa = PBXGroup;
			children = (
				63322BFDF214297ECB8B12B9 /* AutoWorkoutView.swift */,
				F8E034C71FD446C4BE7EF5B6 /* ContentView.swift */,
				417C55771C0BE91957337BE8 /* ExperimentalV2SignalLabView.swift */,
				4BFEBEA6E650D9651D43EDAA /* LiftPodApp.swift */,
			);
			path = App;
			sourceTree = "<group>";
		};
		DA584903A8E2498B13FB08EE /* Fixtures */ = {
			isa = PBXGroup;
			children = (
				837B9AC9577020031B2DA516 /* latest-continuous-eight-curl.json */,
				82B90450DEF637986EA66451 /* nine-curl-brief-bottoms.json */,
			);
			path = Fixtures;
			sourceTree = "<group>";
		};
		E42C301D021A10F8D28D740C /* Products */ = {
			isa = PBXGroup;
			children = (
				97C017C5EE715FF7F8A75A67 /* LiftPod.app */,
				C012E1EDEC827CAB2F412099 /* LiftPodTests.xctest */,
			);
			name = Products;
			sourceTree = "<group>";
		};
		F2FD813EB9FB0EFB0D2C2A61 /* Motion */ = {
			isa = PBXGroup;
			children = (
				5F6CB61AD53C70092D6E4382 /* HeadphoneMotionProvider.swift */,
				42FEDFD5EAC1E25D52F8D6FB /* MotionProviding.swift */,
			);
			path = Motion;
			sourceTree = "<group>";
		};
/* End PBXGroup section */

/* Begin PBXNativeTarget section */
		5A337310D16FF2313F06ECC5 /* LiftPodTests */ = {
			isa = PBXNativeTarget;
			buildConfigurationList = 306DC7D63047652ED697E06E /* Build configuration list for PBXNativeTarget "LiftPodTests" */;
			buildPhases = (
				1BCB8A60A60B321E0DED79DE /* Sources */,
				DDBF1D9B06465C24A72A5511 /* Resources */,
			);
			buildRules = (
			);
			dependencies = (
				663CC4E62D193725EA788CAC /* PBXTargetDependency */,
			);
			name = LiftPodTests;
			packageProductDependencies = (
			);
			productName = LiftPodTests;
			productReference = C012E1EDEC827CAB2F412099 /* LiftPodTests.xctest */;
			productType = "com.apple.product-type.bundle.unit-test";
		};
		667A7262002A0DFF801EFC82 /* LiftPod */ = {
			isa = PBXNativeTarget;
			buildConfigurationList = 4009ABC83910D644A62DB752 /* Build configuration list for PBXNativeTarget "LiftPod" */;
			buildPhases = (
				17219979D66A79C4938F27FA /* Sources */,
				C1C1A5500000000000000001 /* Classifier Resources */,
			);
			buildRules = (
			);
			dependencies = (
			);
			name = LiftPod;
			packageProductDependencies = (
			);
			productName = LiftPod;
			productReference = 97C017C5EE715FF7F8A75A67 /* LiftPod.app */;
			productType = "com.apple.product-type.application";
		};
/* End PBXNativeTarget section */

/* Begin PBXProject section */
		3896EAEE8AC46B556AD4EFCD /* Project object */ = {
			isa = PBXProject;
			attributes = {
				BuildIndependentTargetsInParallel = YES;
				LastUpgradeCheck = 1600;
				TargetAttributes = {
					5A337310D16FF2313F06ECC5 = {
						ProvisioningStyle = Automatic;
					};
					667A7262002A0DFF801EFC82 = {
						ProvisioningStyle = Automatic;
					};
				};
			};
			buildConfigurationList = E65EC982757C0E172CB7032A /* Build configuration list for PBXProject "LiftPod" */;
			developmentRegion = en;
			hasScannedForEncodings = 0;
			knownRegions = (
				Base,
				en,
			);
			mainGroup = 259993BDF69903960DCA01F9;
			minimizedProjectReferenceProxies = 1;
			preferredProjectObjectVersion = 77;
			productRefGroup = E42C301D021A10F8D28D740C /* Products */;
			projectDirPath = "";
			projectRoot = "";
			targets = (
				667A7262002A0DFF801EFC82 /* LiftPod */,
				5A337310D16FF2313F06ECC5 /* LiftPodTests */,
			);
		};
/* End PBXProject section */

/* Begin PBXResourcesBuildPhase section */
		C1C1A5500000000000000001 /* Classifier Resources */ = {
			isa = PBXResourcesBuildPhase;
			buildActionMask = 2147483647;
			files = (
				B1C1A5500000000000000003 /* exercise-portable-model.json in Resources */,
				B1C1A5500000000000000004 /* exercise-feature-schema.json in Resources */,
			);
			runOnlyForDeploymentPostprocessing = 0;
		};
		DDBF1D9B06465C24A72A5511 /* Resources */ = {
			isa = PBXResourcesBuildPhase;
			buildActionMask = 2147483647;
			files = (
				69AE063BE9CAD983BD26C4D3 /* latest-continuous-eight-curl.json in Resources */,
				FAC17B2182D7E28B5064C24B /* nine-curl-brief-bottoms.json in Resources */,
			);
			runOnlyForDeploymentPostprocessing = 0;
		};
/* End PBXResourcesBuildPhase section */

/* Begin PBXSourcesBuildPhase section */
		17219979D66A79C4938F27FA /* Sources */ = {
			isa = PBXSourcesBuildPhase;
			buildActionMask = 2147483647;
			files = (
				D0C062F38761C89620F24B5A /* AutoWorkoutTypes.swift in Sources */,
				B1C1A5500000000000000000 /* ExerciseClassification.swift in Sources */,
				B1C1A5500000000000000001 /* ExerciseClassificationSession.swift in Sources */,
				B1C1A5500000000000000002 /* ExerciseModelProvenance.swift in Sources */,
				00DBD9A86FB6DCC866C38965 /* AutoWorkoutSession.swift in Sources */,
				8D93381043159441150C28C9 /* AutoWorkoutModel.swift in Sources */,
				6728BD1ACA1B0368F78C1F16 /* AutoWorkoutMetrics.swift in Sources */,
				75B3A17EA98F69EDA140B950 /* AutoSetCoordinator.swift in Sources */,
				8A1F8B795A96EE77D179FBDE /* AutoPatternEngine.swift in Sources */,
				356961CD869EF45760CD28D6 /* AutoWorkoutView.swift in Sources */,
				3231B86CC4252986BD1F5DDA /* CSVRecorder.swift in Sources */,
				418C351AF8DD34F119F41B8E /* CaptureModel.swift in Sources */,
				BF559D593E98861F697655BE /* WorkoutSession.swift in Sources */,
				5DAE61C330926D8EE46D6B02 /* WorkoutView.swift in Sources */,
				95F00FCE8EB4FFC3F07B9811 /* WorkoutModel.swift in Sources */,
				A1C0AC000000000000000002 /* AIWorkoutCoach.swift in Sources */,
				F5D214B3E0A955AB01407B0D /* ContentView.swift in Sources */,
				E770D7D5559EDC4E224F713E /* DevicePathMetrics.swift in Sources */,
				F7E6DBDA4B0233D5DFE53C22 /* ExperimentalDetectors.swift in Sources */,
				EA96C154F40F75DCC6F66842 /* ExperimentalEvaluation.swift in Sources */,
				CEBC0A13F672D4FBC0D0BB54 /* ExperimentalReplay.swift in Sources */,
				90C04079248C2A2CC13ED79D /* ExperimentalV1Model.swift in Sources */,
				E9A4ED2592C512237CAB0C83 /* ExperimentalV1Processor.swift in Sources */,
				33DF6EC79DA967B147D5B210 /* ExperimentalV1Types.swift in Sources */,
				7561F7899CCACC2533844380 /* ExperimentalV2Model.swift in Sources */,
				3E8B4D34AFCB6BA41BDABB1C /* ExperimentalV2SignalLabView.swift in Sources */,
				AF896C7F8AFD6A8535D0B14C /* ExperimentalV2Types.swift in Sources */,
				B12708DF5D887F0A33D22C4F /* GenericCycleDetector.swift in Sources */,
				3C48A333F8E4C3CEA7EE2599 /* GenericPhysicalPhases.swift in Sources */,
				BB09594A0000000000000001 /* PostSetPhaseService.swift in Sources */,
				BB09594A0000000000000000 /* PostSetPhaseAnalysis.swift in Sources */,
				A617785741414945BF631D31 /* GenericRepEvaluation.swift in Sources */,
				CEEE91962C17CF4502F1E94C /* GenericRepSession.swift in Sources */,
				8078A95C66DBB5C5C7AF43A2 /* GenericRepTypes.swift in Sources */,
				EB24607EE2390B3246B6C9E5 /* HeadphoneMotionProvider.swift in Sources */,
				5CF9B3EE2C1257A6AA56F66C /* LateralRaiseProfile.swift in Sources */,
				2AA84C8135B54CF4F58435B5 /* LiftPodApp.swift in Sources */,
				20BCC97EF623D7EA02429A13 /* MotionPreprocessingEngine.swift in Sources */,
				D989C3D243184192D1F0AE50 /* MotionProviding.swift in Sources */,
				884A279229878F31683C2205 /* MotionResampler.swift in Sources */,
				D13E97A063A0CC4A7FDA60AB /* OfflinePreprocessingModel.swift in Sources */,
				F509DE11CB99E09AE83ADD56 /* PassiveRepMetrics.swift in Sources */,
				7A84C4800357E5700F0A71CC /* PreprocessingTypes.swift in Sources */,
				EAEEFA6968C27C3A5F859C13 /* ProcessedMotionCSVExporter.swift in Sources */,
				BF150C7035F6793724CD3AA5 /* RawMotionCSVDecoder.swift in Sources */,
				C01F63774FB52E498A9CAE90 /* RawMotionSample.swift in Sources */,
				2C3B99EA409B2ED31397EDB2 /* ScalarBiquadFilter.swift in Sources */,
				A8C040F50B6209A198A8636A /* SignalQualityTracker.swift in Sources */,
				A080D3958E3FF470640CB1F6 /* V2Calibration.swift in Sources */,
				D2DF4E27C41B6505E222A9EB /* V2LocalCycleDetector.swift in Sources */,
				6D2B7203B34B43A64A629C0D /* V2OfflineEvaluation.swift in Sources */,
				E05FEBDA1D8BD2176D99D9FA /* V2RecordingReplay.swift in Sources */,
				B818DA6B7672972239389C61 /* V2ReferenceAcquisition.swift in Sources */,
				D974DFE006D55E227624AD4C /* V2SetEngine.swift in Sources */,
				D8A979E4DEECA5724E3C2CA8 /* V2StreamingResampler.swift in Sources */,
				C8DCD7FC2561E684DF93289E /* V2TemplateCycleDetector.swift in Sources */,
				0F92C012C994406E7E3A9A71 /* V2TemplateMatching.swift in Sources */,
				431E6CC1731E16E47B91DE16 /* V6CurlDetector.swift in Sources */,
				762CDDE174C330F8F54A00C3 /* V6QualifiedCycleSegmenter.swift in Sources */,
				7168BA8DA7B987542E7C17C1 /* V6ReferenceAcquirer.swift in Sources */,
				EB56ABAB6AE8D47ED6E49640 /* V6SignalMath.swift in Sources */,
			);
			runOnlyForDeploymentPostprocessing = 0;
		};
		1BCB8A60A60B321E0DED79DE /* Sources */ = {
			isa = PBXSourcesBuildPhase;
			buildActionMask = 2147483647;
			files = (
				617384D9DDF7A293DA403A85 /* AutoWorkoutProcessorTests.swift in Sources */,
				1D336AFAB7D044C6D9081EF3 /* AutoWorkoutFlowTests.swift in Sources */,
				925E8C8B224BA914E2C813C6 /* AutoWorkoutSessionTests.swift in Sources */,
				A8E9BFDF630EA67ED90C413B /* AutoWorkoutPresentationTests.swift in Sources */,
				50600FE827D039B699A2EBAB /* AutoSetCoordinatorTests.swift in Sources */,
				7B35D47DC5CA54CD6A302EEF /* AutoPatternEngineTests.swift in Sources */,
				D345C2E771771F2C202E0C06 /* CSVRecorderTests.swift in Sources */,
				9DA48DE40ADF52BCDDD23DA2 /* CalibrationTests.swift in Sources */,
				9712FE571D70AC3EEE0C8DB2 /* CaptureModelTests.swift in Sources */,
				C0E9503A812356F24E174906 /* ContinuousRecordingTests.swift in Sources */,
				7A622BC698286C98C0F6BDBA /* ContinuousRepMetricsTests.swift in Sources */,
				6A104A9325D2E71A5AE3C3D6 /* DevicePathMetricsTests.swift in Sources */,
				052015A891B264170DD45267 /* ExperimentalDetectorTests.swift in Sources */,
				4EB72A70A930AD792A5E31F6 /* ExperimentalOrchestrationTests.swift in Sources */,
				FCADC66294FE04C7B4418CBB /* ExperimentalResamplerFilterTests.swift in Sources */,
				047FE9A5D31328741887F04C /* ExperimentalV1TestSupport.swift in Sources */,
				8D68DEAAC4BA97FE4AE0E89F /* WorkoutFlowTests.swift in Sources */,
				5DA8272A9E06C67708006BC4 /* ExperimentalV2TestSupport.swift in Sources */,
				5F5FBFFCD59BB9A1D9E60C3F /* GenericRepTests.swift in Sources */,
				BB09594A00000000000000F0 /* PostSetPhaseTests.swift in Sources */,
				33BB8F756F15878BD967891A /* LateralRaiseIntegrationTests.swift in Sources */,
				E60CEFEDB2B36170B4C5AA07 /* LowPassFilterTests.swift in Sources */,
				3CE6CE2F50FD27BE4A8FF603 /* PassiveRepMetricsTests.swift in Sources */,
				DBC0FE186ABBD2D8B411DC5A /* PreprocessingValidationTests.swift in Sources */,
				04B027484B8EBCE4521D4CC8 /* ProcessedCSVExportTests.swift in Sources */,
				3C5EDE5E7CA30AA35CFFDAF0 /* ProviderAbstractionTests.swift in Sources */,
				D820BD1EDEAE4BBE95B3AC4F /* RawMotionCSVDecoderTests.swift in Sources */,
				E0314783B2F96E69ADB26AEA /* SensorLocationTests.swift in Sources */,
				57E28F1CD10CD5904EDA402B /* StreamRecoveryTests.swift in Sources */,
				839836FD8E9020B2457E0FD3 /* TestSupport.swift in Sources */,
				6A9F173D1CFC0EAB27342FBD /* V2LifecycleRecordingEvaluationTests.swift in Sources */,
				6CA5FB579CA2D9ED29C2937F /* V2ReferenceAndCycleTests.swift in Sources */,
				AA879914F8A393D3E1CC31FB /* V2TemplateCalibrationTests.swift in Sources */,
				8F22C938B263F29998F08D0C /* V6SignalProcessingTests.swift in Sources */,
				690797E0BFFEE6812ACE99A0 /* V7DetectorContinuityTests.swift in Sources */,
				A997986C6BA10EAA83D0B2AC /* VerticalProjectionTests.swift in Sources */,
			);
			runOnlyForDeploymentPostprocessing = 0;
		};
/* End PBXSourcesBuildPhase section */

/* Begin PBXTargetDependency section */
		663CC4E62D193725EA788CAC /* PBXTargetDependency */ = {
			isa = PBXTargetDependency;
			target = 667A7262002A0DFF801EFC82 /* LiftPod */;
			targetProxy = B350158AE1177992263B32D5 /* PBXContainerItemProxy */;
		};
/* End PBXTargetDependency section */

/* Begin XCBuildConfiguration section */
		08063D3D2D7249B0A425E4FD /* Debug */ = {
			isa = XCBuildConfiguration;
			buildSettings = {
				ALWAYS_SEARCH_USER_PATHS = NO;
				CLANG_ANALYZER_NONNULL = YES;
				CLANG_ANALYZER_NUMBER_OBJECT_CONVERSION = YES_AGGRESSIVE;
				CLANG_CXX_LANGUAGE_STANDARD = "gnu++14";
				CLANG_CXX_LIBRARY = "libc++";
				CLANG_ENABLE_MODULES = YES;
				CLANG_ENABLE_OBJC_ARC = YES;
				CLANG_ENABLE_OBJC_WEAK = YES;
				CLANG_WARN_BLOCK_CAPTURE_AUTORELEASING = YES;
				CLANG_WARN_BOOL_CONVERSION = YES;
				CLANG_WARN_COMMA = YES;
				CLANG_WARN_CONSTANT_CONVERSION = YES;
				CLANG_WARN_DEPRECATED_OBJC_IMPLEMENTATIONS = YES;
				CLANG_WARN_DIRECT_OBJC_ISA_USAGE = YES_ERROR;
				CLANG_WARN_DOCUMENTATION_COMMENTS = YES;
				CLANG_WARN_EMPTY_BODY = YES;
				CLANG_WARN_ENUM_CONVERSION = YES;
				CLANG_WARN_INFINITE_RECURSION = YES;
				CLANG_WARN_INT_CONVERSION = YES;
				CLANG_WARN_NON_LITERAL_NULL_CONVERSION = YES;
				CLANG_WARN_OBJC_IMPLICIT_RETAIN_SELF = YES;
				CLANG_WARN_OBJC_LITERAL_CONVERSION = YES;
				CLANG_WARN_OBJC_ROOT_CLASS = YES_ERROR;
				CLANG_WARN_QUOTED_INCLUDE_IN_FRAMEWORK_HEADER = YES;
				CLANG_WARN_RANGE_LOOP_ANALYSIS = YES;
				CLANG_WARN_STRICT_PROTOTYPES = YES;
				CLANG_WARN_SUSPICIOUS_MOVE = YES;
				CLANG_WARN_UNGUARDED_AVAILABILITY = YES_AGGRESSIVE;
				CLANG_WARN_UNREACHABLE_CODE = YES;
				CLANG_WARN__DUPLICATE_METHOD_MATCH = YES;
				CODE_SIGN_STYLE = Automatic;
				COPY_PHASE_STRIP = NO;
				DEBUG_INFORMATION_FORMAT = dwarf;
				ENABLE_STRICT_OBJC_MSGSEND = YES;
				ENABLE_TESTABILITY = YES;
				GCC_C_LANGUAGE_STANDARD = gnu11;
				GCC_DYNAMIC_NO_PIC = NO;
				GCC_NO_COMMON_BLOCKS = YES;
				GCC_OPTIMIZATION_LEVEL = 0;
				GCC_PREPROCESSOR_DEFINITIONS = (
					"$(inherited)",
					"DEBUG=1",
				);
				GCC_WARN_64_TO_32_BIT_CONVERSION = YES;
				GCC_WARN_ABOUT_RETURN_TYPE = YES_ERROR;
				GCC_WARN_UNDECLARED_SELECTOR = YES;
				GCC_WARN_UNINITIALIZED_AUTOS = YES_AGGRESSIVE;
				GCC_WARN_UNUSED_FUNCTION = YES;
				GCC_WARN_UNUSED_VARIABLE = YES;
				IPHONEOS_DEPLOYMENT_TARGET = 18.0;
				MTL_ENABLE_DEBUG_INFO = INCLUDE_SOURCE;
				MTL_FAST_MATH = YES;
				ONLY_ACTIVE_ARCH = YES;
				PRODUCT_NAME = "$(TARGET_NAME)";
				SDKROOT = iphoneos;
				SWIFT_ACTIVE_COMPILATION_CONDITIONS = DEBUG;
				SWIFT_OPTIMIZATION_LEVEL = "-Onone";
				SWIFT_VERSION = 6.0;
				CURRENT_PROJECT_VERSION = 1;
				MARKETING_VERSION = 0.1.0;
			};
			name = Debug;
		};
		15E8133EDCC2E4DB83EFD3A5 /* Release */ = {
			isa = XCBuildConfiguration;
			buildSettings = {
				ALWAYS_SEARCH_USER_PATHS = NO;
				CLANG_ANALYZER_NONNULL = YES;
				CLANG_ANALYZER_NUMBER_OBJECT_CONVERSION = YES_AGGRESSIVE;
				CLANG_CXX_LANGUAGE_STANDARD = "gnu++14";
				CLANG_CXX_LIBRARY = "libc++";
				CLANG_ENABLE_MODULES = YES;
				CLANG_ENABLE_OBJC_ARC = YES;
				CLANG_ENABLE_OBJC_WEAK = YES;
				CLANG_WARN_BLOCK_CAPTURE_AUTORELEASING = YES;
				CLANG_WARN_BOOL_CONVERSION = YES;
				CLANG_WARN_COMMA = YES;
				CLANG_WARN_CONSTANT_CONVERSION = YES;
				CLANG_WARN_DEPRECATED_OBJC_IMPLEMENTATIONS = YES;
				CLANG_WARN_DIRECT_OBJC_ISA_USAGE = YES_ERROR;
				CLANG_WARN_DOCUMENTATION_COMMENTS = YES;
				CLANG_WARN_EMPTY_BODY = YES;
				CLANG_WARN_ENUM_CONVERSION = YES;
				CLANG_WARN_INFINITE_RECURSION = YES;
				CLANG_WARN_INT_CONVERSION = YES;
				CLANG_WARN_NON_LITERAL_NULL_CONVERSION = YES;
				CLANG_WARN_OBJC_IMPLICIT_RETAIN_SELF = YES;
				CLANG_WARN_OBJC_LITERAL_CONVERSION = YES;
				CLANG_WARN_OBJC_ROOT_CLASS = YES_ERROR;
				CLANG_WARN_QUOTED_INCLUDE_IN_FRAMEWORK_HEADER = YES;
				CLANG_WARN_RANGE_LOOP_ANALYSIS = YES;
				CLANG_WARN_STRICT_PROTOTYPES = YES;
				CLANG_WARN_SUSPICIOUS_MOVE = YES;
				CLANG_WARN_UNGUARDED_AVAILABILITY = YES_AGGRESSIVE;
				CLANG_WARN_UNREACHABLE_CODE = YES;
				CLANG_WARN__DUPLICATE_METHOD_MATCH = YES;
				CODE_SIGN_STYLE = Automatic;
				COPY_PHASE_STRIP = NO;
				DEBUG_INFORMATION_FORMAT = "dwarf-with-dsym";
				ENABLE_NS_ASSERTIONS = NO;
				ENABLE_STRICT_OBJC_MSGSEND = YES;
				GCC_C_LANGUAGE_STANDARD = gnu11;
				GCC_NO_COMMON_BLOCKS = YES;
				GCC_WARN_64_TO_32_BIT_CONVERSION = YES;
				GCC_WARN_ABOUT_RETURN_TYPE = YES_ERROR;
				GCC_WARN_UNDECLARED_SELECTOR = YES;
				GCC_WARN_UNINITIALIZED_AUTOS = YES_AGGRESSIVE;
				GCC_WARN_UNUSED_FUNCTION = YES;
				GCC_WARN_UNUSED_VARIABLE = YES;
				IPHONEOS_DEPLOYMENT_TARGET = 18.0;
				MTL_ENABLE_DEBUG_INFO = NO;
				MTL_FAST_MATH = YES;
				PRODUCT_NAME = "$(TARGET_NAME)";
				SDKROOT = iphoneos;
				SWIFT_COMPILATION_MODE = wholemodule;
				SWIFT_OPTIMIZATION_LEVEL = "-O";
				SWIFT_VERSION = 6.0;
				CURRENT_PROJECT_VERSION = 1;
				MARKETING_VERSION = 0.1.0;
			};
			name = Release;
		};
		1B8D11263E050E2DD7522DFE /* Debug */ = {
			isa = XCBuildConfiguration;
			buildSettings = {
				ASSETCATALOG_COMPILER_APPICON_NAME = AppIcon;
				CODE_SIGN_IDENTITY = "iPhone Developer";
				GENERATE_INFOPLIST_FILE = YES;
				INFOPLIST_KEY_CFBundleDisplayName = LiftPod;
				INFOPLIST_KEY_NSMotionUsageDescription = "LiftPod uses AirPods motion data to display and save raw sensor readings.";
				INFOPLIST_KEY_UIApplicationSceneManifest_Generation = YES;
				INFOPLIST_KEY_UIApplicationSupportsIndirectInputEvents = YES;
				INFOPLIST_KEY_UILaunchScreen_Generation = YES;
				INFOPLIST_KEY_UISupportedInterfaceOrientations_iPhone = UIInterfaceOrientationPortrait;
				LD_RUNPATH_SEARCH_PATHS = (
					"$(inherited)",
					"@executable_path/Frameworks",
				);
				PRODUCT_BUNDLE_IDENTIFIER = app.liftpod.rawmotion;
				PRODUCT_NAME = LiftPod;
				SDKROOT = iphoneos;
				SUPPORTS_MACCATALYST = NO;
				TARGETED_DEVICE_FAMILY = 1;
			};
			name = Debug;
		};
		29D5A761CB7D406AA4A05157 /* Debug */ = {
			isa = XCBuildConfiguration;
			buildSettings = {
				BUNDLE_LOADER = "$(TEST_HOST)";
				GENERATE_INFOPLIST_FILE = YES;
				LD_RUNPATH_SEARCH_PATHS = (
					"$(inherited)",
					"@executable_path/Frameworks",
					"@loader_path/Frameworks",
				);
				PRODUCT_BUNDLE_IDENTIFIER = app.liftpod.rawmotion.tests;
				SDKROOT = iphoneos;
				SUPPORTS_MACCATALYST = NO;
				TARGETED_DEVICE_FAMILY = 1;
				TEST_HOST = "$(BUILT_PRODUCTS_DIR)/LiftPod.app/LiftPod";
			};
			name = Debug;
		};
		B39E7288174E833043351482 /* Release */ = {
			isa = XCBuildConfiguration;
			buildSettings = {
				BUNDLE_LOADER = "$(TEST_HOST)";
				GENERATE_INFOPLIST_FILE = YES;
				LD_RUNPATH_SEARCH_PATHS = (
					"$(inherited)",
					"@executable_path/Frameworks",
					"@loader_path/Frameworks",
				);
				PRODUCT_BUNDLE_IDENTIFIER = app.liftpod.rawmotion.tests;
				SDKROOT = iphoneos;
				SUPPORTS_MACCATALYST = NO;
				TARGETED_DEVICE_FAMILY = 1;
				TEST_HOST = "$(BUILT_PRODUCTS_DIR)/LiftPod.app/LiftPod";
			};
			name = Release;
		};
		B8344A98B4F71B60A4483BB0 /* Release */ = {
			isa = XCBuildConfiguration;
			buildSettings = {
				ASSETCATALOG_COMPILER_APPICON_NAME = AppIcon;
				CODE_SIGN_IDENTITY = "iPhone Developer";
				GENERATE_INFOPLIST_FILE = YES;
				INFOPLIST_KEY_CFBundleDisplayName = LiftPod;
				INFOPLIST_KEY_NSMotionUsageDescription = "LiftPod uses AirPods motion data to display and save raw sensor readings.";
				INFOPLIST_KEY_UIApplicationSceneManifest_Generation = YES;
				INFOPLIST_KEY_UIApplicationSupportsIndirectInputEvents = YES;
				INFOPLIST_KEY_UILaunchScreen_Generation = YES;
				INFOPLIST_KEY_UISupportedInterfaceOrientations_iPhone = UIInterfaceOrientationPortrait;
				LD_RUNPATH_SEARCH_PATHS = (
					"$(inherited)",
					"@executable_path/Frameworks",
				);
				PRODUCT_BUNDLE_IDENTIFIER = app.liftpod.rawmotion;
				PRODUCT_NAME = LiftPod;
				SDKROOT = iphoneos;
				SUPPORTS_MACCATALYST = NO;
				TARGETED_DEVICE_FAMILY = 1;
			};
			name = Release;
		};
/* End XCBuildConfiguration section */

/* Begin XCConfigurationList section */
		306DC7D63047652ED697E06E /* Build configuration list for PBXNativeTarget "LiftPodTests" */ = {
			isa = XCConfigurationList;
			buildConfigurations = (
				29D5A761CB7D406AA4A05157 /* Debug */,
				B39E7288174E833043351482 /* Release */,
			);
			defaultConfigurationIsVisible = 0;
			defaultConfigurationName = Debug;
		};
		4009ABC83910D644A62DB752 /* Build configuration list for PBXNativeTarget "LiftPod" */ = {
			isa = XCConfigurationList;
			buildConfigurations = (
				1B8D11263E050E2DD7522DFE /* Debug */,
				B8344A98B4F71B60A4483BB0 /* Release */,
			);
			defaultConfigurationIsVisible = 0;
			defaultConfigurationName = Debug;
		};
		E65EC982757C0E172CB7032A /* Build configuration list for PBXProject "LiftPod" */ = {
			isa = XCConfigurationList;
			buildConfigurations = (
				08063D3D2D7249B0A425E4FD /* Debug */,
				15E8133EDCC2E4DB83EFD3A5 /* Release */,
			);
			defaultConfigurationIsVisible = 0;
			defaultConfigurationName = Debug;
		};
/* End XCConfigurationList section */
	};
	rootObject = 3896EAEE8AC46B556AD4EFCD /* Project object */;
}
